
Microsoft Visual Studio Solution File, Format Version 12.00
# Visual Studio Version 17
VisualStudioVersion = 17.3.32804.467
MinimumVisualStudioVersion = 10.0.40219.1
Project("{FAE04EC0-301F-11D3-BF4B-00C04F79EFBC}") = "API_TccGamesWave", "API_TccGamesWave\API_TccGamesWave.csproj", "{3B12D0CE-AA40-4999-9CC0-76F8B910553F}"
EndProject
Global
	GlobalSection(SolutionConfigurationPlatforms) = preSolution
		Debug|Any CPU = Debug|Any CPU
		Release|Any CPU = Release|Any CPU
	EndGlobalSection
	GlobalSection(ProjectConfigurationPlatforms) = postSolution
		{3B12D0CE-AA40-4999-9CC0-76F8B910553F}.Debug|Any CPU.ActiveCfg = Debug|Any CPU
		{3B12D0CE-AA40-4999-9CC0-76F8B910553F}.Debug|Any CPU.Build.0 = Debug|Any CPU
		{3B12D0CE-AA40-4999-9CC0-76F8B910553F}.Release|Any CPU.ActiveCfg = Release|Any CPU
		{3B12D0CE-AA40-4999-9CC0-76F8B910553F}.Release|Any CPU.Build.0 = Release|Any CPU
	EndGlobalSection
	GlobalSection(SolutionProperties) = preSolution
		HideSolutionNode = FALSE
	EndGlobalSection
	GlobalSection(ExtensibilityGlobals) = postSolution
		SolutionGuid = {AE955266-6290-4D23-9566-A7B1CE55443C}
	EndGlobalSection
EndGlobal
